<?xml version="1.0" encoding="utf-8"?>
<Project ToolsVersion="4.0" xmlns="http://schemas.microsoft.com/developer/msbuild/2003">
  <ItemGroup>
    <Filter Include="Header Files">
      <UniqueIdentifier>{93995380-89BD-4b04-88EB-625FBE52EBFB}</UniqueIdentifier>
      <Extensions>h;hh;hpp;hxx;hm;inl;inc;xsd</Extensions>
    </Filter>
    <Filter Include="Header Files\Utility">
      <UniqueIdentifier>{739a5c77-f200-405b-beae-03cf455a6d6a}</UniqueIdentifier>
    </Filter>
    <Filter Include="Source Files">
      <UniqueIdentifier>{4FC737F1-C7A5-4376-A066-2A32D752A2FF}</UniqueIdentifier>
      <Extensions>cpp;c;cc;cxx;def;odl;idl;hpj;bat;asm;asmx</Extensions>
    </Filter>
    <Filter Include="Source Files\Utility">
      <UniqueIdentifier>{474bcaa3-e6fd-4afa-8ee9-686e785842e8}</UniqueIdentifier>
    </Filter>
    <Filter Include="Resource Files">
      <UniqueIdentifier>{67DA6AB6-F800-4c08-8B7A-83BB121AAD01}</UniqueIdentifier>
      <Extensions>rc;ico;cur;bmp;dlg;rc2;rct;bin;rgs;gif;jpg;jpeg;jpe;resx;tiff;tif;png;wav;mfcribbon-ms</Extensions>
    </Filter>
    <Filter Include="Header Files\Utility\KxDynamicString">
      <UniqueIdentifier>{a9ab3b06-ffff-4b25-b353-fdd58a63feff}</UniqueIdentifier>
    </Filter>
    <Filter Include="Source Files\Utility\KxDynamicString">
      <UniqueIdentifier>{678dc3ac-d319-4ac3-814c-4191414497fe}</UniqueIdentifier>
    </Filter>
    <Filter Include="Resource Files\KxDynamicString">
      <UniqueIdentifier>{7e4d1825-621d-4234-8b9a-82c36c7c960a}</UniqueIdentifier>
    </Filter>
    <Filter Include="Header Files\Utility\KxFileSystem">
      <UniqueIdentifier>{df923850-1bcc-49fc-bb01-d20cad3e348c}</UniqueIdentifier>
    </Filter>
    <Filter Include="Source Files\Utility\KxFileSystem">
      <UniqueIdentifier>{818446b0-8821-4ee5-b351-23520dec05cc}</UniqueIdentifier>
    </Filter>
    <Filter Include="Header Files\Misc">
      <UniqueIdentifier>{3334941b-72d8-468d-ae67-9f3b40b77702}</UniqueIdentifier>
    </Filter>
    <Filter Include="Header Files\Common">
      <UniqueIdentifier>{0ae7c352-0855-4ad2-a82d-c82704bfa88f}</UniqueIdentifier>
    </Filter>
    <Filter Include="Source Files\Common">
      <UniqueIdentifier>{12c08b91-a684-4599-a95b-12b4ffd6a11d}</UniqueIdentifier>
    </Filter>
  </ItemGroup>
  <ItemGroup>
    <ClInclude Include="KxVirtualFileSystem\KxVirtualFileSystem.h">
      <Filter>Header Files</Filter>
    </ClInclude>
    <ClInclude Include="KxVirtualFileSystem\Utility\KxCallAtScopeExit.h">
      <Filter>Header Files\Utility</Filter>
    </ClInclude>
    <ClInclude Include="KxVirtualFileSystem\Utility\KxComparator.h">
      <Filter>Header Files\Utility</Filter>
    </ClInclude>
    <ClInclude Include="KxVirtualFileSystem\Utility\ServiceManager.h">
      <Filter>Header Files\Utility</Filter>
    </ClInclude>
    <ClInclude Include="KxVirtualFileSystem\Utility\FileHandle.h">
      <Filter>Header Files\Utility</Filter>
    </ClInclude>
    <ClInclude Include="KxVirtualFileSystem\Utility.h">
      <Filter>Header Files</Filter>
    </ClInclude>
    <ClInclude Include="KxVirtualFileSystem\Utility\Common.h">
      <Filter>Header Files\Utility</Filter>
    </ClInclude>
    <ClInclude Include="KxVirtualFileSystem\Utility\CriticalSection.h">
      <Filter>Header Files\Utility</Filter>
    </ClInclude>
    <ClInclude Include="KxVirtualFileSystem\Utility\KxDynamicString\KxBasicDynamicString.h">
      <Filter>Header Files\Utility\KxDynamicString</Filter>
    </ClInclude>
    <ClInclude Include="KxVirtualFileSystem\Utility\KxDynamicString\KxDynamicString.h">
      <Filter>Header Files\Utility\KxDynamicString</Filter>
    </ClInclude>
    <ClInclude Include="Resource.h">
      <Filter>Resource Files</Filter>
    </ClInclude>
    <ClInclude Include="KxVirtualFileSystem\Utility\HandleWrapper.h">
      <Filter>Header Files\Utility</Filter>
    </ClInclude>
    <ClInclude Include="KxVirtualFileSystem\Utility\TokenHandle.h">
      <Filter>Header Files\Utility</Filter>
    </ClInclude>
    <ClInclude Include="KxVirtualFileSystem\Utility\SecurityObject.h">
      <Filter>Header Files\Utility</Filter>
    </ClInclude>
    <ClInclude Include="KxVirtualFileSystem\Utility\KxFileSystem\KxFileFinder.h">
      <Filter>Header Files\Utility\KxFileSystem</Filter>
    </ClInclude>
    <ClInclude Include="KxVirtualFileSystem\Utility\KxFileSystem\KxFileItem.h">
      <Filter>Header Files\Utility\KxFileSystem</Filter>
    </ClInclude>
    <ClInclude Include="KxVirtualFileSystem\Utility\KxFileSystem\KxIFileFinder.h">
      <Filter>Header Files\Utility\KxFileSystem</Filter>
    </ClInclude>
    <ClInclude Include="KxVirtualFileSystem\Utility\SRWLock.h">
      <Filter>Header Files\Utility</Filter>
    </ClInclude>
    <ClInclude Include="KxVirtualFileSystem\Utility\KxStringUtility.h">
      <Filter>Header Files\Utility</Filter>
    </ClInclude>
    <ClInclude Include="KxVirtualFileSystem\Utility\RawPtr.h">
      <Filter>Header Files\Utility</Filter>
    </ClInclude>
    <ClInclude Include="KxVirtualFileSystem\Utility\SearchHandle.h">
      <Filter>Header Files\Utility</Filter>
    </ClInclude>
    <ClInclude Include="KxVirtualFileSystem\Utility\EnumClassOperations.h">
      <Filter>Header Files\Utility</Filter>
    </ClInclude>
    <ClInclude Include="KxVirtualFileSystem\Utility\GenericHandle.h">
      <Filter>Header Files\Utility</Filter>
    </ClInclude>
    <ClInclude Include="KxVirtualFileSystem\Common\FSContext.h">
      <Filter>Header Files\Common</Filter>
    </ClInclude>
    <ClInclude Include="KxVirtualFileSystem\Common\BranchLocker.h">
      <Filter>Header Files\Common</Filter>
    </ClInclude>
    <ClInclude Include="KxVirtualFileSystem\Common\FSError.h">
      <Filter>Header Files\Common</Filter>
    </ClInclude>
    <ClInclude Include="KxVirtualFileSystem\Common\IRequestDispatcher.h">
      <Filter>Header Files\Common</Filter>
    </ClInclude>
    <ClInclude Include="KxVirtualFileSystem\MirrorFS.h">
      <Filter>Header Files</Filter>
    </ClInclude>
    <ClInclude Include="KxVirtualFileSystem\Misc\IncludeDokan.h">
      <Filter>Header Files\Misc</Filter>
    </ClInclude>
    <ClInclude Include="KxVirtualFileSystem\Misc\IncludeWindows.h">
      <Filter>Header Files\Misc</Filter>
    </ClInclude>
    <ClInclude Include="KxVirtualFileSystem\Misc\UndefWindows.h">
      <Filter>Header Files\Misc</Filter>
    </ClInclude>
    <ClInclude Include="KxVirtualFileSystem\Common\FileNode.h">
      <Filter>Header Files\Common</Filter>
    </ClInclude>
    <ClInclude Include="KxVirtualFileSystem\ConvergenceFS.h">
      <Filter>Header Files</Filter>
    </ClInclude>
    <ClInclude Include="KxVirtualFileSystem\Common\CallerUserImpersonation.h">
      <Filter>Header Files\Common</Filter>
    </ClInclude>
    <ClInclude Include="KxVirtualFileSystem\Common\ExtendedSecurity.h">
      <Filter>Header Files\Common</Filter>
    </ClInclude>
    <ClInclude Include="KxVirtualFileSystem\Common\FileContextManager.h">
      <Filter>Header Files\Common</Filter>
    </ClInclude>
    <ClInclude Include="KxVirtualFileSystem\Common\IOManager.h">
      <Filter>Header Files\Common</Filter>
    </ClInclude>
    <ClInclude Include="KxVirtualFileSystem\IFileSystem.h">
      <Filter>Header Files</Filter>
    </ClInclude>
    <ClInclude Include="KxVirtualFileSystem\Common\FSFlags.h">
      <Filter>Header Files\Common</Filter>
    </ClInclude>
    <ClInclude Include="KxVirtualFileSystem\BasicFileSystem.h">
      <Filter>Header Files</Filter>
    </ClInclude>
    <ClInclude Include="KxVirtualFileSystem\Utility\ServiceHandle.h">
      <Filter>Header Files\Utility</Filter>
    </ClInclude>
    <ClInclude Include="KxVirtualFileSystem\Utility\ServiceConstants.h">
      <Filter>Header Files\Utility</Filter>
    </ClInclude>
    <ClInclude Include="KxVirtualFileSystem\FileSystemService.h">
      <Filter>Header Files</Filter>
    </ClInclude>
    <ClInclude Include="KxVirtualFileSystem\Misc\Setup.h">
      <Filter>Header Files\Misc</Filter>
    </ClInclude>
    <ClInclude Include="KxVirtualFileSystem\Utility\Win32Constants.h">
      <Filter>Header Files\Utility</Filter>
    </ClInclude>
    <ClInclude Include="KxVirtualFileSystem\Utility\WinKernelConstants.h">
      <Filter>Header Files\Utility</Filter>
    </ClInclude>
  </ItemGroup>
  <ItemGroup>
    <ClCompile Include="KxVirtualFileSystem\KxVirtualFileSystem.cpp">
      <Filter>Source Files</Filter>
    </ClCompile>
    <ClCompile Include="KxVirtualFileSystem\KxVirtualFileSystemMain.cpp">
      <Filter>Source Files</Filter>
    </ClCompile>
    <ClCompile Include="KxVirtualFileSystem\Utility\FileHandle.cpp">
      <Filter>Source Files\Utility</Filter>
    </ClCompile>
    <ClCompile Include="KxVirtualFileSystem\Utility\Common.cpp">
      <Filter>Source Files\Utility</Filter>
    </ClCompile>
    <ClCompile Include="KxVirtualFileSystem\Utility\KxDynamicString\KxDynamicString.cpp">
      <Filter>Source Files\Utility\KxDynamicString</Filter>
    </ClCompile>
    <ClCompile Include="KxVirtualFileSystem\Utility\KxFileSystem\KxFileItem.cpp">
      <Filter>Source Files\Utility\KxFileSystem</Filter>
    </ClCompile>
    <ClCompile Include="KxVirtualFileSystem\Utility\KxFileSystem\KxIFileFinder.cpp">
      <Filter>Source Files\Utility\KxFileSystem</Filter>
    </ClCompile>
    <ClCompile Include="KxVirtualFileSystem\Utility\KxFileSystem\KxFileFinder.cpp">
      <Filter>Source Files\Utility\KxFileSystem</Filter>
    </ClCompile>
    <ClCompile Include="KxVirtualFileSystem\Common\BranchLocker.cpp">
      <Filter>Source Files\Common</Filter>
    </ClCompile>
    <ClCompile Include="KxVirtualFileSystem\Common\FSError.cpp">
      <Filter>Source Files\Common</Filter>
    </ClCompile>
    <ClCompile Include="KxVirtualFileSystem\MirrorFS.cpp">
      <Filter>Source Files</Filter>
    </ClCompile>
    <ClCompile Include="KxVirtualFileSystem\Common\FileNode.cpp">
      <Filter>Source Files\Common</Filter>
    </ClCompile>
    <ClCompile Include="KxVirtualFileSystem\ConvergenceFS.cpp">
      <Filter>Source Files</Filter>
    </ClCompile>
    <ClCompile Include="KxVirtualFileSystem\Common\CallerUserImpersonation.cpp">
      <Filter>Source Files\Common</Filter>
    </ClCompile>
    <ClCompile Include="KxVirtualFileSystem\Common\ExtendedSecurity.cpp">
      <Filter>Source Files\Common</Filter>
    </ClCompile>
    <ClCompile Include="KxVirtualFileSystem\Common\FileContextManager.cpp">
      <Filter>Source Files\Common</Filter>
    </ClCompile>
    <ClCompile Include="KxVirtualFileSystem\Common\IOManager.cpp">
      <Filter>Source Files\Common</Filter>
    </ClCompile>
    <ClCompile Include="KxVirtualFileSystem\IFileSystem.cpp">
      <Filter>Source Files</Filter>
    </ClCompile>
    <ClCompile Include="KxVirtualFileSystem\BasicFileSystem.cpp">
      <Filter>Source Files</Filter>
    </ClCompile>
    <ClCompile Include="KxVirtualFileSystem\Utility\ServiceHandle.cpp">
      <Filter>Source Files\Utility</Filter>
    </ClCompile>
    <ClCompile Include="KxVirtualFileSystem\Utility\ServiceManager.cpp">
      <Filter>Source Files\Utility</Filter>
    </ClCompile>
    <ClCompile Include="KxVirtualFileSystem\FileSystemService.cpp">
      <Filter>Source Files</Filter>
    </ClCompile>
  </ItemGroup>
  <ItemGroup>
    <ResourceCompile Include="KxVirtualFileSystem.rc">
      <Filter>Resource Files</Filter>
    </ResourceCompile>
  </ItemGroup>
  <ItemGroup>
    <Natvis Include="KxVirtualFileSystem\Utility\KxDynamicString\KxBasicDynamicString.natvis">
      <Filter>Resource Files\KxDynamicString</Filter>
    </Natvis>
  </ItemGroup>
  <ItemGroup>
    <Text Include="ChangeLog.txt">
      <Filter>Resource Files</Filter>
    </Text>
  </ItemGroup>
</Project>