<?xml version="1.0" encoding="utf-8"?>
<Project ToolsVersion="4.0" xmlns="http://schemas.microsoft.com/developer/msbuild/2003">
  <ItemGroup>
    <Filter Include="Resources">
      <UniqueIdentifier>{67DA6AB6-F800-4c08-8B7A-83BB121AAD01}</UniqueIdentifier>
      <Extensions>rc;ico;cur;bmp;dlg;rc2;rct;bin;rgs;gif;jpg;jpeg;jpe;resx;tiff;tif;png;wav;mfcribbon-ms</Extensions>
    </Filter>
    <Filter Include="Code">
      <UniqueIdentifier>{4FC737F1-C7A5-4376-A066-2A32D752A2FF}</UniqueIdentifier>
      <Extensions>cpp;c;cc;cxx;def;odl;idl;hpj;bat;asm;asmx</Extensions>
    </Filter>
    <Filter Include="Code\Common">
      <UniqueIdentifier>{0ae7c352-0855-4ad2-a82d-c82704bfa88f}</UniqueIdentifier>
    </Filter>
    <Filter Include="Code\Logger">
      <UniqueIdentifier>{fd99d919-9a63-4f3c-ba96-84bca37a4317}</UniqueIdentifier>
    </Filter>
    <Filter Include="Code\Misc">
      <UniqueIdentifier>{3334941b-72d8-468d-ae67-9f3b40b77702}</UniqueIdentifier>
    </Filter>
    <Filter Include="Code\Utility">
      <UniqueIdentifier>{739a5c77-f200-405b-beae-03cf455a6d6a}</UniqueIdentifier>
    </Filter>
    <Filter Include="Code\Utility\DynamicString">
      <UniqueIdentifier>{a9ab3b06-ffff-4b25-b353-fdd58a63feff}</UniqueIdentifier>
    </Filter>
    <Filter Include="Code\Utility\FileSystem">
      <UniqueIdentifier>{df923850-1bcc-49fc-bb01-d20cad3e348c}</UniqueIdentifier>
    </Filter>
    <Filter Include="Code\Utility\Formatter">
      <UniqueIdentifier>{aeb968d4-7b9d-42af-967e-a68d4a6ffd86}</UniqueIdentifier>
    </Filter>
  </ItemGroup>
  <ItemGroup>
    <ClInclude Include="KxVirtualFileSystem\Utility\ServiceManager.h">
      <Filter>Code\Utility</Filter>
    </ClInclude>
    <ClInclude Include="KxVirtualFileSystem\Utility\FileHandle.h">
      <Filter>Code\Utility</Filter>
    </ClInclude>
    <ClInclude Include="KxVirtualFileSystem\Utility\Common.h">
      <Filter>Code\Utility</Filter>
    </ClInclude>
    <ClInclude Include="KxVirtualFileSystem\Utility\CriticalSection.h">
      <Filter>Code\Utility</Filter>
    </ClInclude>
    <ClInclude Include="KxVirtualFileSystem\Utility\HandleWrapper.h">
      <Filter>Code\Utility</Filter>
    </ClInclude>
    <ClInclude Include="KxVirtualFileSystem\Utility\TokenHandle.h">
      <Filter>Code\Utility</Filter>
    </ClInclude>
    <ClInclude Include="KxVirtualFileSystem\Utility\SecurityObject.h">
      <Filter>Code\Utility</Filter>
    </ClInclude>
    <ClInclude Include="KxVirtualFileSystem\Utility\SRWLock.h">
      <Filter>Code\Utility</Filter>
    </ClInclude>
    <ClInclude Include="KxVirtualFileSystem\Utility\SearchHandle.h">
      <Filter>Code\Utility</Filter>
    </ClInclude>
    <ClInclude Include="KxVirtualFileSystem\Utility\EnumClassOperations.h">
      <Filter>Code\Utility</Filter>
    </ClInclude>
    <ClInclude Include="KxVirtualFileSystem\Utility\GenericHandle.h">
      <Filter>Code\Utility</Filter>
    </ClInclude>
    <ClInclude Include="KxVirtualFileSystem\Common\BranchLocker.h">
      <Filter>Code\Common</Filter>
    </ClInclude>
    <ClInclude Include="KxVirtualFileSystem\Common\FSError.h">
      <Filter>Code\Common</Filter>
    </ClInclude>
    <ClInclude Include="KxVirtualFileSystem\Common\IRequestDispatcher.h">
      <Filter>Code\Common</Filter>
    </ClInclude>
    <ClInclude Include="KxVirtualFileSystem\Misc\IncludeDokan.h">
      <Filter>Code\Misc</Filter>
    </ClInclude>
    <ClInclude Include="KxVirtualFileSystem\Misc\IncludeWindows.h">
      <Filter>Code\Misc</Filter>
    </ClInclude>
    <ClInclude Include="KxVirtualFileSystem\Misc\UndefWindows.h">
      <Filter>Code\Misc</Filter>
    </ClInclude>
    <ClInclude Include="KxVirtualFileSystem\Common\FileNode.h">
      <Filter>Code\Common</Filter>
    </ClInclude>
    <ClInclude Include="KxVirtualFileSystem\Common\CallerUserImpersonation.h">
      <Filter>Code\Common</Filter>
    </ClInclude>
    <ClInclude Include="KxVirtualFileSystem\Common\ExtendedSecurity.h">
      <Filter>Code\Common</Filter>
    </ClInclude>
    <ClInclude Include="KxVirtualFileSystem\Common\FileContextManager.h">
      <Filter>Code\Common</Filter>
    </ClInclude>
    <ClInclude Include="KxVirtualFileSystem\Common\IOManager.h">
      <Filter>Code\Common</Filter>
    </ClInclude>
    <ClInclude Include="KxVirtualFileSystem\Common\FSFlags.h">
      <Filter>Code\Common</Filter>
    </ClInclude>
    <ClInclude Include="KxVirtualFileSystem\Utility\ServiceHandle.h">
      <Filter>Code\Utility</Filter>
    </ClInclude>
    <ClInclude Include="KxVirtualFileSystem\Utility\ServiceConstants.h">
      <Filter>Code\Utility</Filter>
    </ClInclude>
    <ClInclude Include="KxVirtualFileSystem\Misc\Setup.h">
      <Filter>Code\Misc</Filter>
    </ClInclude>
    <ClInclude Include="KxVirtualFileSystem\Utility\Win32Constants.h">
      <Filter>Code\Utility</Filter>
    </ClInclude>
    <ClInclude Include="KxVirtualFileSystem\Utility\WinKernelConstants.h">
      <Filter>Code\Utility</Filter>
    </ClInclude>
    <ClInclude Include="KxVirtualFileSystem\Common\FileContextEventInfo.h">
      <Filter>Code\Common</Filter>
    </ClInclude>
    <ClInclude Include="KxVirtualFileSystem\Common\FileContext.h">
      <Filter>Code\Common</Filter>
    </ClInclude>
    <ClInclude Include="KxVirtualFileSystem\Common\AsyncIOContext.h">
      <Filter>Code\Common</Filter>
    </ClInclude>
    <ClInclude Include="KxVirtualFileSystem\Logger\ILogger.h">
      <Filter>Code\Logger</Filter>
    </ClInclude>
    <ClInclude Include="KxVirtualFileSystem\Logger\ConsoleLogger.h">
      <Filter>Code\Logger</Filter>
    </ClInclude>
    <ClInclude Include="KxVirtualFileSystem\Logger\DebugLogger.h">
      <Filter>Code\Logger</Filter>
    </ClInclude>
    <ClInclude Include="KxVirtualFileSystem\Logger\FileLogger.h">
      <Filter>Code\Logger</Filter>
    </ClInclude>
    <ClInclude Include="KxVirtualFileSystem\Logger\ChainLogger.h">
      <Filter>Code\Logger</Filter>
    </ClInclude>
    <ClInclude Include="KxVirtualFileSystem\Utility\ProcessHandle.h">
      <Filter>Code\Utility</Filter>
    </ClInclude>
    <ClInclude Include="KxVirtualFileSystem\Utility\NtStatusConstants.h">
      <Filter>Code\Utility</Filter>
    </ClInclude>
    <ClInclude Include="KxVirtualFileSystem\ConvergenceFS.h">
      <Filter>Code</Filter>
    </ClInclude>
    <ClInclude Include="KxVirtualFileSystem\DokanyFileSystem.h">
      <Filter>Code</Filter>
    </ClInclude>
    <ClInclude Include="KxVirtualFileSystem\FileSystemService.h">
      <Filter>Code</Filter>
    </ClInclude>
    <ClInclude Include="KxVirtualFileSystem\IFileSystem.h">
      <Filter>Code</Filter>
    </ClInclude>
    <ClInclude Include="KxVirtualFileSystem\MirrorFS.h">
      <Filter>Code</Filter>
    </ClInclude>
    <ClInclude Include="KxVirtualFileSystem\Utility.h">
      <Filter>Code</Filter>
    </ClInclude>
    <ClInclude Include="resource.h">
      <Filter>Resources</Filter>
    </ClInclude>
    <ClInclude Include="stdafx.h" />
    <ClInclude Include="KxVirtualFileSystem\Common.hpp">
      <Filter>Code</Filter>
    </ClInclude>
    <ClInclude Include="KxVirtualFileSystem\Utility\DisableWOW64FSRedirection.h">
      <Filter>Code\Utility</Filter>
    </ClInclude>
    <ClInclude Include="KxVirtualFileSystem\Utility\CallAtScopeExit.h">
      <Filter>Code\Utility</Filter>
    </ClInclude>
    <ClInclude Include="KxVirtualFileSystem\Utility\Comparator.h">
      <Filter>Code\Utility</Filter>
    </ClInclude>
    <ClInclude Include="KxVirtualFileSystem\Utility\String.h">
      <Filter>Code\Utility</Filter>
    </ClInclude>
    <ClInclude Include="KxVirtualFileSystem\Utility\DynamicString\DynamicString.h">
      <Filter>Code\Utility\DynamicString</Filter>
    </ClInclude>
    <ClInclude Include="KxVirtualFileSystem\Utility\DynamicString\BasicDynamicString.h">
      <Filter>Code\Utility\DynamicString</Filter>
    </ClInclude>
    <ClInclude Include="KxVirtualFileSystem\Utility\FileSystem\FileFinder.h">
      <Filter>Code\Utility\FileSystem</Filter>
    </ClInclude>
    <ClInclude Include="KxVirtualFileSystem\Utility\FileSystem\FileItem.h">
      <Filter>Code\Utility\FileSystem</Filter>
    </ClInclude>
    <ClInclude Include="KxVirtualFileSystem\Utility\FileSystem\IFileFinder.h">
      <Filter>Code\Utility\FileSystem</Filter>
    </ClInclude>
    <ClInclude Include="KxVirtualFileSystem\Utility\Formatter\Formatter.h">
      <Filter>Code\Utility\Formatter</Filter>
    </ClInclude>
    <ClInclude Include="KxVirtualFileSystem\Utility\Formatter\FormatterTraits.h">
      <Filter>Code\Utility\Formatter</Filter>
    </ClInclude>
  </ItemGroup>
  <ItemGroup>
    <ClCompile Include="KxVirtualFileSystem\Utility\Common.cpp">
      <Filter>Code\Utility</Filter>
    </ClCompile>
    <ClCompile Include="KxVirtualFileSystem\Utility\FileHandle.cpp">
      <Filter>Code\Utility</Filter>
    </ClCompile>
    <ClCompile Include="KxVirtualFileSystem\Utility\ProcessHandle.cpp">
      <Filter>Code\Utility</Filter>
    </ClCompile>
    <ClCompile Include="KxVirtualFileSystem\Utility\ServiceHandle.cpp">
      <Filter>Code\Utility</Filter>
    </ClCompile>
    <ClCompile Include="KxVirtualFileSystem\Utility\ServiceManager.cpp">
      <Filter>Code\Utility</Filter>
    </ClCompile>
    <ClCompile Include="KxVirtualFileSystem\Logger\ChainLogger.cpp">
      <Filter>Code\Logger</Filter>
    </ClCompile>
    <ClCompile Include="KxVirtualFileSystem\Logger\ConsoleLogger.cpp">
      <Filter>Code\Logger</Filter>
    </ClCompile>
    <ClCompile Include="KxVirtualFileSystem\Logger\DebugLogger.cpp">
      <Filter>Code\Logger</Filter>
    </ClCompile>
    <ClCompile Include="KxVirtualFileSystem\Logger\FileLogger.cpp">
      <Filter>Code\Logger</Filter>
    </ClCompile>
    <ClCompile Include="KxVirtualFileSystem\Logger\ILogger.cpp">
      <Filter>Code\Logger</Filter>
    </ClCompile>
    <ClCompile Include="KxVirtualFileSystem\Common\BranchLocker.cpp">
      <Filter>Code\Common</Filter>
    </ClCompile>
    <ClCompile Include="KxVirtualFileSystem\Common\CallerUserImpersonation.cpp">
      <Filter>Code\Common</Filter>
    </ClCompile>
    <ClCompile Include="KxVirtualFileSystem\Common\ExtendedSecurity.cpp">
      <Filter>Code\Common</Filter>
    </ClCompile>
    <ClCompile Include="KxVirtualFileSystem\Common\FileContextEventInfo.cpp">
      <Filter>Code\Common</Filter>
    </ClCompile>
    <ClCompile Include="KxVirtualFileSystem\Common\FileContextManager.cpp">
      <Filter>Code\Common</Filter>
    </ClCompile>
    <ClCompile Include="KxVirtualFileSystem\Common\FileNode.cpp">
      <Filter>Code\Common</Filter>
    </ClCompile>
    <ClCompile Include="KxVirtualFileSystem\Common\FSError.cpp">
      <Filter>Code\Common</Filter>
    </ClCompile>
    <ClCompile Include="KxVirtualFileSystem\Common\IOManager.cpp">
      <Filter>Code\Common</Filter>
    </ClCompile>
    <ClCompile Include="KxVirtualFileSystem\ConvergenceFS.cpp">
      <Filter>Code</Filter>
    </ClCompile>
    <ClCompile Include="KxVirtualFileSystem\DokanyFileSystem.cpp">
      <Filter>Code</Filter>
    </ClCompile>
    <ClCompile Include="KxVirtualFileSystem\FileSystemService.cpp">
      <Filter>Code</Filter>
    </ClCompile>
    <ClCompile Include="KxVirtualFileSystem\IFileSystem.cpp">
      <Filter>Code</Filter>
    </ClCompile>
    <ClCompile Include="KxVirtualFileSystem\KxVirtualFileSystemMain.cpp">
      <Filter>Code</Filter>
    </ClCompile>
    <ClCompile Include="KxVirtualFileSystem\MirrorFS.cpp">
      <Filter>Code</Filter>
    </ClCompile>
    <ClCompile Include="stdafx.cpp" />
    <ClCompile Include="KxVirtualFileSystem\Utility\DynamicString\DynamicString.cpp">
      <Filter>Code\Utility\DynamicString</Filter>
    </ClCompile>
    <ClCompile Include="KxVirtualFileSystem\Utility\FileSystem\FileItem.cpp">
      <Filter>Code\Utility\FileSystem</Filter>
    </ClCompile>
    <ClCompile Include="KxVirtualFileSystem\Utility\FileSystem\IFileFinder.cpp">
      <Filter>Code\Utility\FileSystem</Filter>
    </ClCompile>
    <ClCompile Include="KxVirtualFileSystem\Utility\FileSystem\FileFinder.cpp">
      <Filter>Code\Utility\FileSystem</Filter>
    </ClCompile>
    <ClCompile Include="KxVirtualFileSystem\Utility\Formatter\Formatter.cpp">
      <Filter>Code\Utility\Formatter</Filter>
    </ClCompile>
  </ItemGroup>
  <ItemGroup>
    <ResourceCompile Include="KxVirtualFileSystem.rc">
      <Filter>Resources</Filter>
    </ResourceCompile>
  </ItemGroup>
  <ItemGroup>
    <Natvis Include="KxVirtualFileSystem\Common\FileNode.natvis">
      <Filter>Code\Common</Filter>
    </Natvis>
    <Natvis Include="KxVirtualFileSystem\Utility\DynamicString\BasicDynamicString.natvis">
      <Filter>Code\Utility\DynamicString</Filter>
    </Natvis>
    <Natvis Include="KxVirtualFileSystem\Utility\FileSystem\FileItem.natvis">
      <Filter>Code\Utility\FileSystem</Filter>
    </Natvis>
  </ItemGroup>
  <ItemGroup>
    <Text Include="ChangeLog.txt">
      <Filter>Resources</Filter>
    </Text>
  </ItemGroup>
  <ItemGroup>
    <None Include="README.md">
      <Filter>Resources</Filter>
    </None>
  </ItemGroup>
</Project>